
Microsoft Visual Studio Solution File, Format Version 12.00
# Visual Studio Version 17
VisualStudioVersion = 17.9.34616.47
MinimumVisualStudioVersion = 10.0.40219.1
Project("{9A19103F-16F7-4668-BE54-9A1E7A4F7556}") = "QuotaCount", "QuotaCount.csproj", "{02F555DD-02C6-4BBD-9AC2-63BD71847C85}"
EndProject
Global
	GlobalSection(SolutionConfigurationPlatforms) = preSolution
		Debug|Any CPU = Debug|Any CPU
		Release|Any CPU = Release|Any CPU
	EndGlobalSection
	GlobalSection(ProjectConfigurationPlatforms) = postSolution
		{02F555DD-02C6-4BBD-9AC2-63BD71847C85}.Debug|Any CPU.ActiveCfg = Debug|Any CPU
		{02F555DD-02C6-4BBD-9AC2-63BD71847C85}.Debug|Any CPU.Build.0 = Debug|Any CPU
		{02F555DD-02C6-4BBD-9AC2-63BD71847C85}.Release|Any CPU.ActiveCfg = Release|Any CPU
		{02F555DD-02C6-4BBD-9AC2-63BD71847C85}.Release|Any CPU.Build.0 = Release|Any CPU
	EndGlobalSection
	GlobalSection(SolutionProperties) = preSolution
		HideSolutionNode = FALSE
	EndGlobalSection
	GlobalSection(ExtensibilityGlobals) = postSolution
		SolutionGuid = {7F043F0C-72C2-4193-B169-7C754FD1DD6F}
	EndGlobalSection
EndGlobal
